Microsoft Visual Studio Solution File, Format Version 12.00
# Visual Studio Version 17
VisualStudioVersion = 17.5.2.0
MinimumVisualStudioVersion = 10.0.40219.1
Project("{FAE04EC0-301F-11D3-BF4B-00C04F79EFBC}") = "OnRideApp", "OnRideApp.csproj", "{3A63B99F-4FC5-D531-40D5-AC9F756D099A}"
EndProject
Global
	GlobalSection(SolutionConfigurationPlatforms) = preSolution
		Debug|Any CPU = Debug|Any CPU
		Release|Any CPU = Release|Any CPU
	EndGlobalSection
	GlobalSection(ProjectConfigurationPlatforms) = postSolution
		{3A63B99F-4FC5-D531-40D5-AC9F756D099A}.Debug|Any CPU.ActiveCfg = Debug|Any CPU
		{3A63B99F-4FC5-D531-40D5-AC9F756D099A}.Debug|Any CPU.Build.0 = Debug|Any CPU
		{3A63B99F-4FC5-D531-40D5-AC9F756D099A}.Release|Any CPU.ActiveCfg = Release|Any CPU
		{3A63B99F-4FC5-D531-40D5-AC9F756D099A}.Release|Any CPU.Build.0 = Release|Any CPU
	EndGlobalSection
	GlobalSection(SolutionProperties) = preSolution
		HideSolutionNode = FALSE
	EndGlobalSection
	GlobalSection(ExtensibilityGlobals) = postSolution
		SolutionGuid = {84C7F0DC-5868-4DDA-9BA7-FC537C9A0BF8}
	EndGlobalSection
EndGlobal
